// !$*UTF8*$!
{
	archiveVersion = 1;
	classes = {
	};
	objectVersion = 56;
	objects = {

/* Begin PBXBuildFile section */
		80E4534B2B6D2B350065A78E /* ToDoAppCoreDataIOSApp.swift in Sources */ = {isa = PBXBuildFile; fileRef = 80E4534A2B6D2B350065A78E /* ToDoAppCoreDataIOSApp.swift */; };
		80E4534D2B6D2B350065A78E /* ContentView.swift in Sources */ = {isa = PBXBuildFile; fileRef = 80E4534C2B6D2B350065A78E /* ContentView.swift */; };
		80E4534F2B6D2B370065A78E /* Assets.xcassets in Resources */ = {isa = PBXBuildFile; fileRef = 80E4534E2B6D2B370065A78E /* Assets.xcassets */; };
		80E453522B6D2B370065A78E /* Preview Assets.xcassets in Resources */ = {isa = PBXBuildFile; fileRef = 80E453512B6D2B370065A78E /* Preview Assets.xcassets */; };
		80E453572B6D2B370065A78E /* ToDoAppCoreDataIOS.xcdatamodeld in Sources */ = {isa = PBXBuildFile; fileRef = 80E453552B6D2B370065A78E /* ToDoAppCoreDataIOS.xcdatamodeld */; };
		80E453612B6D2C660065A78E /* CDTask+helper.swift in Sources */ = {isa = PBXBuildFile; fileRef = 80E453602B6D2C660065A78E /* CDTask+helper.swift */; };
		80E453632B6D2C760065A78E /* CDTaskGroup+helper.swift in Sources */ = {isa = PBXBuildFile; fileRef = 80E453622B6D2C760065A78E /* CDTaskGroup+helper.swift */; };
		80E453652B6D2C820065A78E /* PersistenceController.swift in Sources */ = {isa = PBXBuildFile; fileRef = 80E453642B6D2C820065A78E /* PersistenceController.swift */; };
		80E453672B6D2E180065A78E /* NSPredicate+helper.swift in Sources */ = {isa = PBXBuildFile; fileRef = 80E453662B6D2E180065A78E /* NSPredicate+helper.swift */; };
		80E453692B6D319F0065A78E /* SidebarView.swift in Sources */ = {isa = PBXBuildFile; fileRef = 80E453682B6D319F0065A78E /* SidebarView.swift */; };
		80E4536B2B6D31F20065A78E /* TaskListView.swift in Sources */ = {isa = PBXBuildFile; fileRef = 80E4536A2B6D31F20065A78E /* TaskListView.swift */; };
		80E4536E2B6D32430065A78E /* TaskSection.swift in Sources */ = {isa = PBXBuildFile; fileRef = 80E4536D2B6D32430065A78E /* TaskSection.swift */; };
		80E453702B6D334E0065A78E /* TaskGroupRowView.swift in Sources */ = {isa = PBXBuildFile; fileRef = 80E4536F2B6D334E0065A78E /* TaskGroupRowView.swift */; };
		80E453722B6D35A00065A78E /* TaskRowView.swift in Sources */ = {isa = PBXBuildFile; fileRef = 80E453712B6D35A00065A78E /* TaskRowView.swift */; };
		80E453742B6D3D330065A78E /* TaskDetailView.swift in Sources */ = {isa = PBXBuildFile; fileRef = 80E453732B6D3D330065A78E /* TaskDetailView.swift */; };
/* End PBXBuildFile section */

/* Begin PBXFileReference section */
		80E453472B6D2B350065A78E /* ToDoAppCoreDataIOS.app */ = {isa = PBXFileReference; explicitFileType = wrapper.application; includeInIndex = 0; path = ToDoAppCoreDataIOS.app; sourceTree = BUILT_PRODUCTS_DIR; };
		80E4534A2B6D2B350065A78E /* ToDoAppCoreDataIOSApp.swift */ = {isa = PBXFileReference; lastKnownFileType = sourcecode.swift; path = ToDoAppCoreDataIOSApp.swift; sourceTree = "<group>"; };
		80E4534C2B6D2B350065A78E /* ContentView.swift */ = {isa = PBXFileReference; lastKnownFileType = sourcecode.swift; path = ContentView.swift; sourceTree = "<group>"; };
		80E4534E2B6D2B370065A78E /* Assets.xcassets */ = {isa = PBXFileReference; lastKnownFileType = folder.assetcatalog; path = Assets.xcassets; sourceTree = "<group>"; };
		80E453512B6D2B370065A78E /* Preview Assets.xcassets */ = {isa = PBXFileReference; lastKnownFileType = folder.assetcatalog; path = "Preview Assets.xcassets"; sourceTree = "<group>"; };
		80E453562B6D2B370065A78E /* ToDoAppCoreDataIOS.xcdatamodel */ = {isa = PBXFileReference; lastKnownFileType = wrapper.xcdatamodel; path = ToDoAppCoreDataIOS.xcdatamodel; sourceTree = "<group>"; };
		80E453602B6D2C660065A78E /* CDTask+helper.swift */ = {isa = PBXFileReference; lastKnownFileType = sourcecode.swift; path = "CDTask+helper.swift"; sourceTree = "<group>"; };
		80E453622B6D2C760065A78E /* CDTaskGroup+helper.swift */ = {isa = PBXFileReference; lastKnownFileType = sourcecode.swift; path = "CDTaskGroup+helper.swift"; sourceTree = "<group>"; };
		80E453642B6D2C820065A78E /* PersistenceController.swift */ = {isa = PBXFileReference; lastKnownFileType = sourcecode.swift; path = PersistenceController.swift; sourceTree = "<group>"; };
		80E453662B6D2E180065A78E /* NSPredicate+helper.swift */ = {isa = PBXFileReference; lastKnownFileType = sourcecode.swift; path = "NSPredicate+helper.swift"; sourceTree = "<group>"; };
		80E453682B6D319F0065A78E /* SidebarView.swift */ = {isa = PBXFileReference; lastKnownFileType = sourcecode.swift; path = SidebarView.swift; sourceTree = "<group>"; };
		80E4536A2B6D31F20065A78E /* TaskListView.swift */ = {isa = PBXFileReference; lastKnownFileType = sourcecode.swift; path = TaskListView.swift; sourceTree = "<group>"; };
		80E4536D2B6D32430065A78E /* TaskSection.swift */ = {isa = PBXFileReference; lastKnownFileType = sourcecode.swift; path = TaskSection.swift; sourceTree = "<group>"; };
		80E4536F2B6D334E0065A78E /* TaskGroupRowView.swift */ = {isa = PBXFileReference; lastKnownFileType = sourcecode.swift; path = TaskGroupRowView.swift; sourceTree = "<group>"; };
		80E453712B6D35A00065A78E /* TaskRowView.swift */ = {isa = PBXFileReference; lastKnownFileType = sourcecode.swift; path = TaskRowView.swift; sourceTree = "<group>"; };
		80E453732B6D3D330065A78E /* TaskDetailView.swift */ = {isa = PBXFileReference; lastKnownFileType = sourcecode.swift; path = TaskDetailView.swift; sourceTree = "<group>"; };
/* End PBXFileReference section */

/* Begin PBXFrameworksBuildPhase section */
		80E453442B6D2B350065A78E /* Frameworks */ = {
			isa = PBXFrameworksBuildPhase;
			buildActionMask = 2147483647;
			files = (
			);
			runOnlyForDeploymentPostprocessing = 0;
		};
/* End PBXFrameworksBuildPhase section */

/* Begin PBXGroup section */
		80E4533E2B6D2B350065A78E = {
			isa = PBXGroup;
			children = (
				80E453492B6D2B350065A78E /* ToDoAppCoreDataIOS */,
				80E453482B6D2B350065A78E /* Products */,
			);
			sourceTree = "<group>";
		};
		80E453482B6D2B350065A78E /* Products */ = {
			isa = PBXGroup;
			children = (
				80E453472B6D2B350065A78E /* ToDoAppCoreDataIOS.app */,
			);
			name = Products;
			sourceTree = "<group>";
		};
		80E453492B6D2B350065A78E /* ToDoAppCoreDataIOS */ = {
			isa = PBXGroup;
			children = (
				80E4536C2B6D323C0065A78E /* Models */,
				80E4535F2B6D2BC20065A78E /* Views */,
				80E4535D2B6D2BAB0065A78E /* CoreData */,
				80E4534A2B6D2B350065A78E /* ToDoAppCoreDataIOSApp.swift */,
				80E4534E2B6D2B370065A78E /* Assets.xcassets */,
				80E453552B6D2B370065A78E /* ToDoAppCoreDataIOS.xcdatamodeld */,
				80E453502B6D2B370065A78E /* Preview Content */,
			);
			path = ToDoAppCoreDataIOS;
			sourceTree = "<group>";
		};
		80E453502B6D2B370065A78E /* Preview Content */ = {
			isa = PBXGroup;
			children = (
				80E453512B6D2B370065A78E /* Preview Assets.xcassets */,
			);
			path = "Preview Content";
			sourceTree = "<group>";
		};
		80E4535D2B6D2BAB0065A78E /* CoreData */ = {
			isa = PBXGroup;
			children = (
				80E453602B6D2C660065A78E /* CDTask+helper.swift */,
				80E453622B6D2C760065A78E /* CDTaskGroup+helper.swift */,
				80E453642B6D2C820065A78E /* PersistenceController.swift */,
				80E453662B6D2E180065A78E /* NSPredicate+helper.swift */,
			);
			path = CoreData;
			sourceTree = "<group>";
		};
		80E4535F2B6D2BC20065A78E /* Views */ = {
			isa = PBXGroup;
			children = (
				80E4534C2B6D2B350065A78E /* ContentView.swift */,
				80E453682B6D319F0065A78E /* SidebarView.swift */,
				80E4536A2B6D31F20065A78E /* TaskListView.swift */,
				80E4536F2B6D334E0065A78E /* TaskGroupRowView.swift */,
				80E453712B6D35A00065A78E /* TaskRowView.swift */,
				80E453732B6D3D330065A78E /* TaskDetailView.swift */,
			);
			path = Views;
			sourceTree = "<group>";
		};
		80E4536C2B6D323C0065A78E /* Models */ = {
			isa = PBXGroup;
			children = (
				80E4536D2B6D32430065A78E /* TaskSection.swift */,
			);
			path = Models;
			sourceTree = "<group>";
		};
/* End PBXGroup section */

/* Begin PBXNativeTarget section */
		80E453462B6D2B350065A78E /* ToDoAppCoreDataIOS */ = {
			isa = PBXNativeTarget;
			buildConfigurationList = 80E4535A2B6D2B370065A78E /* Build configuration list for PBXNativeTarget "ToDoAppCoreDataIOS" */;
			buildPhases = (
				80E453432B6D2B350065A78E /* Sources */,
				80E453442B6D2B350065A78E /* Frameworks */,
				80E453452B6D2B350065A78E /* Resources */,
			);
			buildRules = (
			);
			dependencies = (
			);
			name = ToDoAppCoreDataIOS;
			productName = ToDoAppCoreDataIOS;
			productReference = 80E453472B6D2B350065A78E /* ToDoAppCoreDataIOS.app */;
			productType = "com.apple.product-type.application";
		};
/* End PBXNativeTarget section */

/* Begin PBXProject section */
		80E4533F2B6D2B350065A78E /* Project object */ = {
			isa = PBXProject;
			attributes = {
				BuildIndependentTargetsInParallel = 1;
				LastSwiftUpdateCheck = 1520;
				LastUpgradeCheck = 1520;
				TargetAttributes = {
					80E453462B6D2B350065A78E = {
						CreatedOnToolsVersion = 15.2;
					};
				};
			};
			buildConfigurationList = 80E453422B6D2B350065A78E /* Build configuration list for PBXProject "ToDoAppCoreDataIOS" */;
			compatibilityVersion = "Xcode 14.0";
			developmentRegion = en;
			hasScannedForEncodings = 0;
			knownRegions = (
				en,
				Base,
			);
			mainGroup = 80E4533E2B6D2B350065A78E;
			productRefGroup = 80E453482B6D2B350065A78E /* Products */;
			projectDirPath = "";
			projectRoot = "";
			targets = (
				80E453462B6D2B350065A78E /* ToDoAppCoreDataIOS */,
			);
		};
/* End PBXProject section */

/* Begin PBXResourcesBuildPhase section */
		80E453452B6D2B350065A78E /* Resources */ = {
			isa = PBXResourcesBuildPhase;
			buildActionMask = 2147483647;
			files = (
				80E453522B6D2B370065A78E /* Preview Assets.xcassets in Resources */,
				80E4534F2B6D2B370065A78E /* Assets.xcassets in Resources */,
			);
			runOnlyForDeploymentPostprocessing = 0;
		};
/* End PBXResourcesBuildPhase section */

/* Begin PBXSourcesBuildPhase section */
		80E453432B6D2B350065A78E /* Sources */ = {
			isa = PBXSourcesBuildPhase;
			buildActionMask = 2147483647;
			files = (
				80E453742B6D3D330065A78E /* TaskDetailView.swift in Sources */,
				80E453612B6D2C660065A78E /* CDTask+helper.swift in Sources */,
				80E453692B6D319F0065A78E /* SidebarView.swift in Sources */,
				80E4536E2B6D32430065A78E /* TaskSection.swift in Sources */,
				80E4536B2B6D31F20065A78E /* TaskListView.swift in Sources */,
				80E453652B6D2C820065A78E /* PersistenceController.swift in Sources */,
				80E453632B6D2C760065A78E /* CDTaskGroup+helper.swift in Sources */,
				80E453572B6D2B370065A78E /* ToDoAppCoreDataIOS.xcdatamodeld in Sources */,
				80E453702B6D334E0065A78E /* TaskGroupRowView.swift in Sources */,
				80E4534D2B6D2B350065A78E /* ContentView.swift in Sources */,
				80E453672B6D2E180065A78E /* NSPredicate+helper.swift in Sources */,
				80E453722B6D35A00065A78E /* TaskRowView.swift in Sources */,
				80E4534B2B6D2B350065A78E /* ToDoAppCoreDataIOSApp.swift in Sources */,
			);
			runOnlyForDeploymentPostprocessing = 0;
		};
/* End PBXSourcesBuildPhase section */

/* Begin XCBuildConfiguration section */
		80E453582B6D2B370065A78E /* Debug */ = {
			isa = XCBuildConfiguration;
			buildSettings = {
				ALWAYS_SEARCH_USER_PATHS = NO;
				ASSETCATALOG_COMPILER_GENERATE_SWIFT_ASSET_SYMBOL_EXTENSIONS = YES;
				CLANG_ANALYZER_NONNULL = YES;
				CLANG_ANALYZER_NUMBER_OBJECT_CONVERSION = YES_AGGRESSIVE;
				CLANG_CXX_LANGUAGE_STANDARD = "gnu++20";
				CLANG_ENABLE_MODULES = YES;
				CLANG_ENABLE_OBJC_ARC = YES;
				CLANG_ENABLE_OBJC_WEAK = YES;
				CLANG_WARN_BLOCK_CAPTURE_AUTORELEASING = YES;
				CLANG_WARN_BOOL_CONVERSION = YES;
				CLANG_WARN_COMMA = YES;
				CLANG_WARN_CONSTANT_CONVERSION = YES;
				CLANG_WARN_DEPRECATED_OBJC_IMPLEMENTATIONS = YES;
				CLANG_WARN_DIRECT_OBJC_ISA_USAGE = YES_ERROR;
				CLANG_WARN_DOCUMENTATION_COMMENTS = YES;
				CLANG_WARN_EMPTY_BODY = YES;
				CLANG_WARN_ENUM_CONVERSION = YES;
				CLANG_WARN_INFINITE_RECURSION = YES;
				CLANG_WARN_INT_CONVERSION = YES;
				CLANG_WARN_NON_LITERAL_NULL_CONVERSION = YES;
				CLANG_WARN_OBJC_IMPLICIT_RETAIN_SELF = YES;
				CLANG_WARN_OBJC_LITERAL_CONVERSION = YES;
				CLANG_WARN_OBJC_ROOT_CLASS = YES_ERROR;
				CLANG_WARN_QUOTED_INCLUDE_IN_FRAMEWORK_HEADER = YES;
				CLANG_WARN_RANGE_LOOP_ANALYSIS = YES;
				CLANG_WARN_STRICT_PROTOTYPES = YES;
				CLANG_WARN_SUSPICIOUS_MOVE = YES;
				CLANG_WARN_UNGUARDED_AVAILABILITY = YES_AGGRESSIVE;
				CLANG_WARN_UNREACHABLE_CODE = YES;
				CLANG_WARN__DUPLICATE_METHOD_MATCH = YES;
				COPY_PHASE_STRIP = NO;
				DEBUG_INFORMATION_FORMAT = dwarf;
				ENABLE_STRICT_OBJC_MSGSEND = YES;
				ENABLE_TESTABILITY = YES;
				ENABLE_USER_SCRIPT_SANDBOXING = YES;
				GCC_C_LANGUAGE_STANDARD = gnu17;
				GCC_DYNAMIC_NO_PIC = NO;
				GCC_NO_COMMON_BLOCKS = YES;
				GCC_OPTIMIZATION_LEVEL = 0;
				GCC_PREPROCESSOR_DEFINITIONS = (
					"DEBUG=1",
					"$(inherited)",
				);
				GCC_WARN_64_TO_32_BIT_CONVERSION = YES;
				GCC_WARN_ABOUT_RETURN_TYPE = YES_ERROR;
				GCC_WARN_UNDECLARED_SELECTOR = YES;
				GCC_WARN_UNINITIALIZED_AUTOS = YES_AGGRESSIVE;
				GCC_WARN_UNUSED_FUNCTION = YES;
				GCC_WARN_UNUSED_VARIABLE = YES;
				IPHONEOS_DEPLOYMENT_TARGET = 17.2;
				LOCALIZATION_PREFERS_STRING_CATALOGS = YES;
				MTL_ENABLE_DEBUG_INFO = INCLUDE_SOURCE;
				MTL_FAST_MATH = YES;
				ONLY_ACTIVE_ARCH = YES;
				SDKROOT = iphoneos;
				SWIFT_ACTIVE_COMPILATION_CONDITIONS = "DEBUG $(inherited)";
				SWIFT_OPTIMIZATION_LEVEL = "-Onone";
			};
			name = Debug;
		};
		80E453592B6D2B370065A78E /* Release */ = {
			isa = XCBuildConfiguration;
			buildSettings = {
				ALWAYS_SEARCH_USER_PATHS = NO;
				ASSETCATALOG_COMPILER_GENERATE_SWIFT_ASSET_SYMBOL_EXTENSIONS = YES;
				CLANG_ANALYZER_NONNULL = YES;
				CLANG_ANALYZER_NUMBER_OBJECT_CONVERSION = YES_AGGRESSIVE;
				CLANG_CXX_LANGUAGE_STANDARD = "gnu++20";
				CLANG_ENABLE_MODULES = YES;
				CLANG_ENABLE_OBJC_ARC = YES;
				CLANG_ENABLE_OBJC_WEAK = YES;
				CLANG_WARN_BLOCK_CAPTURE_AUTORELEASING = YES;
				CLANG_WARN_BOOL_CONVERSION = YES;
				CLANG_WARN_COMMA = YES;
				CLANG_WARN_CONSTANT_CONVERSION = YES;
				CLANG_WARN_DEPRECATED_OBJC_IMPLEMENTATIONS = YES;
				CLANG_WARN_DIRECT_OBJC_ISA_USAGE = YES_ERROR;
				CLANG_WARN_DOCUMENTATION_COMMENTS = YES;
				CLANG_WARN_EMPTY_BODY = YES;
				CLANG_WARN_ENUM_CONVERSION = YES;
				CLANG_WARN_INFINITE_RECURSION = YES;
				CLANG_WARN_INT_CONVERSION = YES;
				CLANG_WARN_NON_LITERAL_NULL_CONVERSION = YES;
				CLANG_WARN_OBJC_IMPLICIT_RETAIN_SELF = YES;
				CLANG_WARN_OBJC_LITERAL_CONVERSION = YES;
				CLANG_WARN_OBJC_ROOT_CLASS = YES_ERROR;
				CLANG_WARN_QUOTED_INCLUDE_IN_FRAMEWORK_HEADER = YES;
				CLANG_WARN_RANGE_LOOP_ANALYSIS = YES;
				CLANG_WARN_STRICT_PROTOTYPES = YES;
				CLANG_WARN_SUSPICIOUS_MOVE = YES;
				CLANG_WARN_UNGUARDED_AVAILABILITY = YES_AGGRESSIVE;
				CLANG_WARN_UNREACHABLE_CODE = YES;
				CLANG_WARN__DUPLICATE_METHOD_MATCH = YES;
				COPY_PHASE_STRIP = NO;
				DEBUG_INFORMATION_FORMAT = "dwarf-with-dsym";
				ENABLE_NS_ASSERTIONS = NO;
				ENABLE_STRICT_OBJC_MSGSEND = YES;
				ENABLE_USER_SCRIPT_SANDBOXING = YES;
				GCC_C_LANGUAGE_STANDARD = gnu17;
				GCC_NO_COMMON_BLOCKS = YES;
				GCC_WARN_64_TO_32_BIT_CONVERSION = YES;
				GCC_WARN_ABOUT_RETURN_TYPE = YES_ERROR;
				GCC_WARN_UNDECLARED_SELECTOR = YES;
				GCC_WARN_UNINITIALIZED_AUTOS = YES_AGGRESSIVE;
				GCC_WARN_UNUSED_FUNCTION = YES;
				GCC_WARN_UNUSED_VARIABLE = YES;
				IPHONEOS_DEPLOYMENT_TARGET = 17.2;
				LOCALIZATION_PREFERS_STRING_CATALOGS = YES;
				MTL_ENABLE_DEBUG_INFO = NO;
				MTL_FAST_MATH = YES;
				SDKROOT = iphoneos;
				SWIFT_COMPILATION_MODE = wholemodule;
				VALIDATE_PRODUCT = YES;
			};
			name = Release;
		};
		80E4535B2B6D2B370065A78E /* Debug */ = {
			isa = XCBuildConfiguration;
			buildSettings = {
				ASSETCATALOG_COMPILER_APPICON_NAME = AppIcon;
				ASSETCATALOG_COMPILER_GLOBAL_ACCENT_COLOR_NAME = AccentColor;
				CODE_SIGN_STYLE = Automatic;
				CURRENT_PROJECT_VERSION = 1;
				DEVELOPMENT_ASSET_PATHS = "\"ToDoAppCoreDataIOS/Preview Content\"";
				DEVELOPMENT_TEAM = D6Z57L42S3;
				ENABLE_PREVIEWS = YES;
				GENERATE_INFOPLIST_FILE = YES;
				INFOPLIST_KEY_UIApplicationSceneManifest_Generation = YES;
				INFOPLIST_KEY_UIApplicationSupportsIndirectInputEvents = YES;
				INFOPLIST_KEY_UILaunchScreen_Generation = YES;
				INFOPLIST_KEY_UISupportedInterfaceOrientations_iPad = "UIInterfaceOrientationPortrait UIInterfaceOrientationPortraitUpsideDown UIInterfaceOrientationLandscapeLeft UIInterfaceOrientationLandscapeRight";
				INFOPLIST_KEY_UISupportedInterfaceOrientations_iPhone = "UIInterfaceOrientationPortrait UIInterfaceOrientationLandscapeLeft UIInterfaceOrientationLandscapeRight";
				LD_RUNPATH_SEARCH_PATHS = (
					"$(inherited)",
					"@executable_path/Frameworks",
				);
				MARKETING_VERSION = 1.0;
				PRODUCT_BUNDLE_IDENTIFIER = ios.axedeospidtchay.ToDoAppCoreDataIOS;
				PRODUCT_NAME = "$(TARGET_NAME)";
				SWIFT_EMIT_LOC_STRINGS = YES;
				SWIFT_VERSION = 5.0;
				TARGETED_DEVICE_FAMILY = "1,2";
			};
			name = Debug;
		};
		80E4535C2B6D2B370065A78E /* Release */ = {
			isa = XCBuildConfiguration;
			buildSettings = {
				ASSETCATALOG_COMPILER_APPICON_NAME = AppIcon;
				ASSETCATALOG_COMPILER_GLOBAL_ACCENT_COLOR_NAME = AccentColor;
				CODE_SIGN_STYLE = Automatic;
				CURRENT_PROJECT_VERSION = 1;
				DEVELOPMENT_ASSET_PATHS = "\"ToDoAppCoreDataIOS/Preview Content\"";
				DEVELOPMENT_TEAM = D6Z57L42S3;
				ENABLE_PREVIEWS = YES;
				GENERATE_INFOPLIST_FILE = YES;
				INFOPLIST_KEY_UIApplicationSceneManifest_Generation = YES;
				INFOPLIST_KEY_UIApplicationSupportsIndirectInputEvents = YES;
				INFOPLIST_KEY_UILaunchScreen_Generation = YES;
				INFOPLIST_KEY_UISupportedInterfaceOrientations_iPad = "UIInterfaceOrientationPortrait UIInterfaceOrientationPortraitUpsideDown UIInterfaceOrientationLandscapeLeft UIInterfaceOrientationLandscapeRight";
				INFOPLIST_KEY_UISupportedInterfaceOrientations_iPhone = "UIInterfaceOrientationPortrait UIInterfaceOrientationLandscapeLeft UIInterfaceOrientationLandscapeRight";
				LD_RUNPATH_SEARCH_PATHS = (
					"$(inherited)",
					"@executable_path/Frameworks",
				);
				MARKETING_VERSION = 1.0;
				PRODUCT_BUNDLE_IDENTIFIER = ios.axedeospidtchay.ToDoAppCoreDataIOS;
				PRODUCT_NAME = "$(TARGET_NAME)";
				SWIFT_EMIT_LOC_STRINGS = YES;
				SWIFT_VERSION = 5.0;
				TARGETED_DEVICE_FAMILY = "1,2";
			};
			name = Release;
		};
/* End XCBuildConfiguration section */

/* Begin XCConfigurationList section */
		80E453422B6D2B350065A78E /* Build configuration list for PBXProject "ToDoAppCoreDataIOS" */ = {
			isa = XCConfigurationList;
			buildConfigurations = (
				80E453582B6D2B370065A78E /* Debug */,
				80E453592B6D2B370065A78E /* Release */,
			);
			defaultConfigurationIsVisible = 0;
			defaultConfigurationName = Release;
		};
		80E4535A2B6D2B370065A78E /* Build configuration list for PBXNativeTarget "ToDoAppCoreDataIOS" */ = {
			isa = XCConfigurationList;
			buildConfigurations = (
				80E4535B2B6D2B370065A78E /* Debug */,
				80E4535C2B6D2B370065A78E /* Release */,
			);
			defaultConfigurationIsVisible = 0;
			defaultConfigurationName = Release;
		};
/* End XCConfigurationList section */

/* Begin XCVersionGroup section */
		80E453552B6D2B370065A78E /* ToDoAppCoreDataIOS.xcdatamodeld */ = {
			isa = XCVersionGroup;
			children = (
				80E453562B6D2B370065A78E /* ToDoAppCoreDataIOS.xcdatamodel */,
			);
			currentVersion = 80E453562B6D2B370065A78E /* ToDoAppCoreDataIOS.xcdatamodel */;
			path = ToDoAppCoreDataIOS.xcdatamodeld;
			sourceTree = "<group>";
			versionGroupType = wrapper.xcdatamodel;
		};
/* End XCVersionGroup section */
	};
	rootObject = 80E4533F2B6D2B350065A78E /* Project object */;
}
